
Microsoft Visual Studio Solution File, Format Version 12.00
# Visual Studio Version 17
VisualStudioVersion = 17.8.34330.188
MinimumVisualStudioVersion = 10.0.40219.1
Project("{9A19103F-16F7-4668-BE54-9A1E7A4F7556}") = "ProductManagement.Infrastructure", "ProductManagement.Infrastructure\ProductManagement.Infrastructure.csproj", "{B6815E3D-A69C-43EE-AD41-41681F09C534}"
EndProject
Project("{9A19103F-16F7-4668-BE54-9A1E7A4F7556}") = "ProductManagement.Domain", "ProductManagement.Domain\ProductManagement.Domain.csproj", "{F8204A57-CC6D-4EF7-BE1A-661C2BEA51D5}"
EndProject
Project("{9A19103F-16F7-4668-BE54-9A1E7A4F7556}") = "ProductManagement.Common", "ProductManagement.Common\ProductManagement.Common.csproj", "{2999944C-54A6-4232-AA20-D7287F275819}"
EndProject
Project("{9A19103F-16F7-4668-BE54-9A1E7A4F7556}") = "ProductManagement.Application", "ProductManagement.Application\ProductManagement.Application.csproj", "{D9521772-830D-4DA8-A5FD-68EB4B64314E}"
EndProject
Project("{9A19103F-16F7-4668-BE54-9A1E7A4F7556}") = "ProductManagement.API", "ProductManagement.API\ProductManagement.API.csproj", "{57A2CAFF-BEAE-4CB5-B18B-BB863EB4E4D6}"
EndProject
Global
	GlobalSection(SolutionConfigurationPlatforms) = preSolution
		Debug|Any CPU = Debug|Any CPU
		Release|Any CPU = Release|Any CPU
	EndGlobalSection
	GlobalSection(ProjectConfigurationPlatforms) = postSolution
		{B6815E3D-A69C-43EE-AD41-41681F09C534}.Debug|Any CPU.ActiveCfg = Debug|Any CPU
		{B6815E3D-A69C-43EE-AD41-41681F09C534}.Debug|Any CPU.Build.0 = Debug|Any CPU
		{B6815E3D-A69C-43EE-AD41-41681F09C534}.Release|Any CPU.ActiveCfg = Release|Any CPU
		{B6815E3D-A69C-43EE-AD41-41681F09C534}.Release|Any CPU.Build.0 = Release|Any CPU
		{F8204A57-CC6D-4EF7-BE1A-661C2BEA51D5}.Debug|Any CPU.ActiveCfg = Debug|Any CPU
		{F8204A57-CC6D-4EF7-BE1A-661C2BEA51D5}.Debug|Any CPU.Build.0 = Debug|Any CPU
		{F8204A57-CC6D-4EF7-BE1A-661C2BEA51D5}.Release|Any CPU.ActiveCfg = Release|Any CPU
		{F8204A57-CC6D-4EF7-BE1A-661C2BEA51D5}.Release|Any CPU.Build.0 = Release|Any CPU
		{2999944C-54A6-4232-AA20-D7287F275819}.Debug|Any CPU.ActiveCfg = Debug|Any CPU
		{2999944C-54A6-4232-AA20-D7287F275819}.Debug|Any CPU.Build.0 = Debug|Any CPU
		{2999944C-54A6-4232-AA20-D7287F275819}.Release|Any CPU.ActiveCfg = Release|Any CPU
		{2999944C-54A6-4232-AA20-D7287F275819}.Release|Any CPU.Build.0 = Release|Any CPU
		{D9521772-830D-4DA8-A5FD-68EB4B64314E}.Debug|Any CPU.ActiveCfg = Debug|Any CPU
		{D9521772-830D-4DA8-A5FD-68EB4B64314E}.Debug|Any CPU.Build.0 = Debug|Any CPU
		{D9521772-830D-4DA8-A5FD-68EB4B64314E}.Release|Any CPU.ActiveCfg = Release|Any CPU
		{D9521772-830D-4DA8-A5FD-68EB4B64314E}.Release|Any CPU.Build.0 = Release|Any CPU
		{57A2CAFF-BEAE-4CB5-B18B-BB863EB4E4D6}.Debug|Any CPU.ActiveCfg = Debug|Any CPU
		{57A2CAFF-BEAE-4CB5-B18B-BB863EB4E4D6}.Debug|Any CPU.Build.0 = Debug|Any CPU
		{57A2CAFF-BEAE-4CB5-B18B-BB863EB4E4D6}.Release|Any CPU.ActiveCfg = Release|Any CPU
		{57A2CAFF-BEAE-4CB5-B18B-BB863EB4E4D6}.Release|Any CPU.Build.0 = Release|Any CPU
	EndGlobalSection
	GlobalSection(SolutionProperties) = preSolution
		HideSolutionNode = FALSE
	EndGlobalSection
	GlobalSection(ExtensibilityGlobals) = postSolution
		SolutionGuid = {49C606C7-7B7E-4565-A41C-A7BF86A403BB}
	EndGlobalSection
EndGlobal
